// !$*UTF8*$!
{
	archiveVersion = 1;
	classes = {
	};
	objectVersion = 50;
	objects = {

/* Begin PBXBuildFile section */
		F7B8E12B224963F90060B053 /* AppDelegate.m in Sources */ = {isa = PBXBuildFile; fileRef = F7B8E12A224963F90060B053 /* AppDelegate.m */; };
		F7B8E131224963F90060B053 /* Main.storyboard in Resources */ = {isa = PBXBuildFile; fileRef = F7B8E12F224963F90060B053 /* Main.storyboard */; };
		F7B8E133224963FA0060B053 /* Assets.xcassets in Resources */ = {isa = PBXBuildFile; fileRef = F7B8E132224963FA0060B053 /* Assets.xcassets */; };
		F7B8E136224963FA0060B053 /* LaunchScreen.storyboard in Resources */ = {isa = PBXBuildFile; fileRef = F7B8E134224963FA0060B053 /* LaunchScreen.storyboard */; };
		F7B8E139224963FB0060B053 /* main.m in Sources */ = {isa = PBXBuildFile; fileRef = F7B8E138224963FB0060B053 /* main.m */; };
		F7B8E1412249648A0060B053 /* EKKEntry.m in Sources */ = {isa = PBXBuildFile; fileRef = F7B8E1402249648A0060B053 /* EKKEntry.m */; };
		F7B8E149224972D20060B053 /* EKKEntryController.m in Sources */ = {isa = PBXBuildFile; fileRef = F7B8E148224972D20060B053 /* EKKEntryController.m */; };
		F7B8E14C22497E0E0060B053 /* EKKEntryDetailViewController.m in Sources */ = {isa = PBXBuildFile; fileRef = F7B8E14B22497E0E0060B053 /* EKKEntryDetailViewController.m */; };
		F7B8E15022497E760060B053 /* EKKEntryListTableViewController.m in Sources */ = {isa = PBXBuildFile; fileRef = F7B8E14F22497E760060B053 /* EKKEntryListTableViewController.m */; };
/* End PBXBuildFile section */

/* Begin PBXFileReference section */
		F7B8E126224963F90060B053 /* Journal-C.app */ = {isa = PBXFileReference; explicitFileType = wrapper.application; includeInIndex = 0; path = "Journal-C.app"; sourceTree = BUILT_PRODUCTS_DIR; };
		F7B8E129224963F90060B053 /* AppDelegate.h */ = {isa = PBXFileReference; lastKnownFileType = sourcecode.c.h; path = AppDelegate.h; sourceTree = "<group>"; };
		F7B8E12A224963F90060B053 /* AppDelegate.m */ = {isa = PBXFileReference; lastKnownFileType = sourcecode.c.objc; path = AppDelegate.m; sourceTree = "<group>"; };
		F7B8E130224963F90060B053 /* Base */ = {isa = PBXFileReference; lastKnownFileType = file.storyboard; name = Base; path = Base.lproj/Main.storyboard; sourceTree = "<group>"; };
		F7B8E132224963FA0060B053 /* Assets.xcassets */ = {isa = PBXFileReference; lastKnownFileType = folder.assetcatalog; path = Assets.xcassets; sourceTree = "<group>"; };
		F7B8E135224963FA0060B053 /* Base */ = {isa = PBXFileReference; lastKnownFileType = file.storyboard; name = Base; path = Base.lproj/LaunchScreen.storyboard; sourceTree = "<group>"; };
		F7B8E137224963FA0060B053 /* Info.plist */ = {isa = PBXFileReference; lastKnownFileType = text.plist.xml; path = Info.plist; sourceTree = "<group>"; };
		F7B8E138224963FB0060B053 /* main.m */ = {isa = PBXFileReference; lastKnownFileType = sourcecode.c.objc; path = main.m; sourceTree = "<group>"; };
		F7B8E13F2249648A0060B053 /* EKKEntry.h */ = {isa = PBXFileReference; lastKnownFileType = sourcecode.c.h; path = EKKEntry.h; sourceTree = "<group>"; };
		F7B8E1402249648A0060B053 /* EKKEntry.m */ = {isa = PBXFileReference; lastKnownFileType = sourcecode.c.objc; path = EKKEntry.m; sourceTree = "<group>"; };
		F7B8E147224972D20060B053 /* EKKEntryController.h */ = {isa = PBXFileReference; lastKnownFileType = sourcecode.c.h; path = EKKEntryController.h; sourceTree = "<group>"; };
		F7B8E148224972D20060B053 /* EKKEntryController.m */ = {isa = PBXFileReference; lastKnownFileType = sourcecode.c.objc; path = EKKEntryController.m; sourceTree = "<group>"; };
		F7B8E14A22497E0E0060B053 /* EKKEntryDetailViewController.h */ = {isa = PBXFileReference; lastKnownFileType = sourcecode.c.h; path = EKKEntryDetailViewController.h; sourceTree = "<group>"; };
		F7B8E14B22497E0E0060B053 /* EKKEntryDetailViewController.m */ = {isa = PBXFileReference; lastKnownFileType = sourcecode.c.objc; path = EKKEntryDetailViewController.m; sourceTree = "<group>"; };
		F7B8E14E22497E760060B053 /* EKKEntryListTableViewController.h */ = {isa = PBXFileReference; lastKnownFileType = sourcecode.c.h; path = EKKEntryListTableViewController.h; sourceTree = "<group>"; };
		F7B8E14F22497E760060B053 /* EKKEntryListTableViewController.m */ = {isa = PBXFileReference; lastKnownFileType = sourcecode.c.objc; path = EKKEntryListTableViewController.m; sourceTree = "<group>"; };
/* End PBXFileReference section */

/* Begin PBXFrameworksBuildPhase section */
		F7B8E123224963F90060B053 /* Frameworks */ = {
			isa = PBXFrameworksBuildPhase;
			buildActionMask = 2147483647;
			files = (
			);
			runOnlyForDeploymentPostprocessing = 0;
		};
/* End PBXFrameworksBuildPhase section */

/* Begin PBXGroup section */
		F7B8E11D224963F90060B053 = {
			isa = PBXGroup;
			children = (
				F7B8E128224963F90060B053 /* Journal-C */,
				F7B8E127224963F90060B053 /* Products */,
			);
			sourceTree = "<group>";
		};
		F7B8E127224963F90060B053 /* Products */ = {
			isa = PBXGroup;
			children = (
				F7B8E126224963F90060B053 /* Journal-C.app */,
			);
			name = Products;
			sourceTree = "<group>";
		};
		F7B8E128224963F90060B053 /* Journal-C */ = {
			isa = PBXGroup;
			children = (
				F7B8E129224963F90060B053 /* AppDelegate.h */,
				F7B8E12A224963F90060B053 /* AppDelegate.m */,
				F7B8E12F224963F90060B053 /* Main.storyboard */,
				F7B8E132224963FA0060B053 /* Assets.xcassets */,
				F7B8E134224963FA0060B053 /* LaunchScreen.storyboard */,
				F7B8E137224963FA0060B053 /* Info.plist */,
				F7B8E138224963FB0060B053 /* main.m */,
				F7B8E142224964910060B053 /* Model */,
				F7B8E146224964C60060B053 /* Model Controller */,
				F7B8E14D22497E130060B053 /* View Controllers */,
			);
			path = "Journal-C";
			sourceTree = "<group>";
		};
		F7B8E142224964910060B053 /* Model */ = {
			isa = PBXGroup;
			children = (
				F7B8E13F2249648A0060B053 /* EKKEntry.h */,
				F7B8E1402249648A0060B053 /* EKKEntry.m */,
			);
			path = Model;
			sourceTree = "<group>";
		};
		F7B8E146224964C60060B053 /* Model Controller */ = {
			isa = PBXGroup;
			children = (
				F7B8E147224972D20060B053 /* EKKEntryController.h */,
				F7B8E148224972D20060B053 /* EKKEntryController.m */,
			);
			path = "Model Controller";
			sourceTree = "<group>";
		};
		F7B8E14D22497E130060B053 /* View Controllers */ = {
			isa = PBXGroup;
			children = (
				F7B8E14A22497E0E0060B053 /* EKKEntryDetailViewController.h */,
				F7B8E14B22497E0E0060B053 /* EKKEntryDetailViewController.m */,
				F7B8E14E22497E760060B053 /* EKKEntryListTableViewController.h */,
				F7B8E14F22497E760060B053 /* EKKEntryListTableViewController.m */,
			);
			path = "View Controllers";
			sourceTree = "<group>";
		};
/* End PBXGroup section */

/* Begin PBXNativeTarget section */
		F7B8E125224963F90060B053 /* Journal-C */ = {
			isa = PBXNativeTarget;
			buildConfigurationList = F7B8E13C224963FB0060B053 /* Build configuration list for PBXNativeTarget "Journal-C" */;
			buildPhases = (
				F7B8E122224963F90060B053 /* Sources */,
				F7B8E123224963F90060B053 /* Frameworks */,
				F7B8E124224963F90060B053 /* Resources */,
			);
			buildRules = (
			);
			dependencies = (
			);
			name = "Journal-C";
			productName = "Journal-C";
			productReference = F7B8E126224963F90060B053 /* Journal-C.app */;
			productType = "com.apple.product-type.application";
		};
/* End PBXNativeTarget section */

/* Begin PBXProject section */
		F7B8E11E224963F90060B053 /* Project object */ = {
			isa = PBXProject;
			attributes = {
				CLASSPREFIX = EKK;
				LastUpgradeCheck = 1010;
				ORGANIZATIONNAME = "Rund LLC";
				TargetAttributes = {
					F7B8E125224963F90060B053 = {
						CreatedOnToolsVersion = 10.1;
					};
				};
			};
			buildConfigurationList = F7B8E121224963F90060B053 /* Build configuration list for PBXProject "Journal-C" */;
			compatibilityVersion = "Xcode 9.3";
			developmentRegion = en;
			hasScannedForEncodings = 0;
			knownRegions = (
				en,
				Base,
			);
			mainGroup = F7B8E11D224963F90060B053;
			productRefGroup = F7B8E127224963F90060B053 /* Products */;
			projectDirPath = "";
			projectRoot = "";
			targets = (
				F7B8E125224963F90060B053 /* Journal-C */,
			);
		};
/* End PBXProject section */

/* Begin PBXResourcesBuildPhase section */
		F7B8E124224963F90060B053 /* Resources */ = {
			isa = PBXResourcesBuildPhase;
			buildActionMask = 2147483647;
			files = (
				F7B8E136224963FA0060B053 /* LaunchScreen.storyboard in Resources */,
				F7B8E133224963FA0060B053 /* Assets.xcassets in Resources */,
				F7B8E131224963F90060B053 /* Main.storyboard in Resources */,
			);
			runOnlyForDeploymentPostprocessing = 0;
		};
/* End PBXResourcesBuildPhase section */

/* Begin PBXSourcesBuildPhase section */
		F7B8E122224963F90060B053 /* Sources */ = {
			isa = PBXSourcesBuildPhase;
			buildActionMask = 2147483647;
			files = (
				F7B8E15022497E760060B053 /* EKKEntryListTableViewController.m in Sources */,
				F7B8E149224972D20060B053 /* EKKEntryController.m in Sources */,
				F7B8E139224963FB0060B053 /* main.m in Sources */,
				F7B8E14C22497E0E0060B053 /* EKKEntryDetailViewController.m in Sources */,
				F7B8E1412249648A0060B053 /* EKKEntry.m in Sources */,
				F7B8E12B224963F90060B053 /* AppDelegate.m in Sources */,
			);
			runOnlyForDeploymentPostprocessing = 0;
		};
/* End PBXSourcesBuildPhase section */

/* Begin PBXVariantGroup section */
		F7B8E12F224963F90060B053 /* Main.storyboard */ = {
			isa = PBXVariantGroup;
			children = (
				F7B8E130224963F90060B053 /* Base */,
			);
			name = Main.storyboard;
			sourceTree = "<group>";
		};
		F7B8E134224963FA0060B053 /* LaunchScreen.storyboard */ = {
			isa = PBXVariantGroup;
			children = (
				F7B8E135224963FA0060B053 /* Base */,
			);
			name = LaunchScreen.storyboard;
			sourceTree = "<group>";
		};
/* End PBXVariantGroup section */

/* Begin XCBuildConfiguration section */
		F7B8E13A224963FB0060B053 /* Debug */ = {
			isa = XCBuildConfiguration;
			buildSettings = {
				ALWAYS_SEARCH_USER_PATHS = NO;
				CLANG_ANALYZER_NONNULL = YES;
				CLANG_ANALYZER_NUMBER_OBJECT_CONVERSION = YES_AGGRESSIVE;
				CLANG_CXX_LANGUAGE_STANDARD = "gnu++14";
				CLANG_CXX_LIBRARY = "libc++";
				CLANG_ENABLE_MODULES = YES;
				CLANG_ENABLE_OBJC_ARC = YES;
				CLANG_ENABLE_OBJC_WEAK = YES;
				CLANG_WARN_BLOCK_CAPTURE_AUTORELEASING = YES;
				CLANG_WARN_BOOL_CONVERSION = YES;
				CLANG_WARN_COMMA = YES;
				CLANG_WARN_CONSTANT_CONVERSION = YES;
				CLANG_WARN_DEPRECATED_OBJC_IMPLEMENTATIONS = YES;
				CLANG_WARN_DIRECT_OBJC_ISA_USAGE = YES_ERROR;
				CLANG_WARN_DOCUMENTATION_COMMENTS = YES;
				CLANG_WARN_EMPTY_BODY = YES;
				CLANG_WARN_ENUM_CONVERSION = YES;
				CLANG_WARN_INFINITE_RECURSION = YES;
				CLANG_WARN_INT_CONVERSION = YES;
				CLANG_WARN_NON_LITERAL_NULL_CONVERSION = YES;
				CLANG_WARN_OBJC_IMPLICIT_RETAIN_SELF = YES;
				CLANG_WARN_OBJC_LITERAL_CONVERSION = YES;
				CLANG_WARN_OBJC_ROOT_CLASS = YES_ERROR;
				CLANG_WARN_RANGE_LOOP_ANALYSIS = YES;
				CLANG_WARN_STRICT_PROTOTYPES = YES;
				CLANG_WARN_SUSPICIOUS_MOVE = YES;
				CLANG_WARN_UNGUARDED_AVAILABILITY = YES_AGGRESSIVE;
				CLANG_WARN_UNREACHABLE_CODE = YES;
				CLANG_WARN__DUPLICATE_METHOD_MATCH = YES;
				CODE_SIGN_IDENTITY = "iPhone Developer";
				COPY_PHASE_STRIP = NO;
				DEBUG_INFORMATION_FORMAT = dwarf;
				ENABLE_STRICT_OBJC_MSGSEND = YES;
				ENABLE_TESTABILITY = YES;
				GCC_C_LANGUAGE_STANDARD = gnu11;
				GCC_DYNAMIC_NO_PIC = NO;
				GCC_NO_COMMON_BLOCKS = YES;
				GCC_OPTIMIZATION_LEVEL = 0;
				GCC_PREPROCESSOR_DEFINITIONS = (
					"DEBUG=1",
					"$(inherited)",
				);
				GCC_WARN_64_TO_32_BIT_CONVERSION = YES;
				GCC_WARN_ABOUT_RETURN_TYPE = YES_ERROR;
				GCC_WARN_UNDECLARED_SELECTOR = YES;
				GCC_WARN_UNINITIALIZED_AUTOS = YES_AGGRESSIVE;
				GCC_WARN_UNUSED_FUNCTION = YES;
				GCC_WARN_UNUSED_VARIABLE = YES;
				IPHONEOS_DEPLOYMENT_TARGET = 12.1;
				MTL_ENABLE_DEBUG_INFO = INCLUDE_SOURCE;
				MTL_FAST_MATH = YES;
				ONLY_ACTIVE_ARCH = YES;
				SDKROOT = iphoneos;
			};
			name = Debug;
		};
		F7B8E13B224963FB0060B053 /* Release */ = {
			isa = XCBuildConfiguration;
			buildSettings = {
				ALWAYS_SEARCH_USER_PATHS = NO;
				CLANG_ANALYZER_NONNULL = YES;
				CLANG_ANALYZER_NUMBER_OBJECT_CONVERSION = YES_AGGRESSIVE;
				CLANG_CXX_LANGUAGE_STANDARD = "gnu++14";
				CLANG_CXX_LIBRARY = "libc++";
				CLANG_ENABLE_MODULES = YES;
				CLANG_ENABLE_OBJC_ARC = YES;
				CLANG_ENABLE_OBJC_WEAK = YES;
				CLANG_WARN_BLOCK_CAPTURE_AUTORELEASING = YES;
				CLANG_WARN_BOOL_CONVERSION = YES;
				CLANG_WARN_COMMA = YES;
				CLANG_WARN_CONSTANT_CONVERSION = YES;
				CLANG_WARN_DEPRECATED_OBJC_IMPLEMENTATIONS = YES;
				CLANG_WARN_DIRECT_OBJC_ISA_USAGE = YES_ERROR;
				CLANG_WARN_DOCUMENTATION_COMMENTS = YES;
				CLANG_WARN_EMPTY_BODY = YES;
				CLANG_WARN_ENUM_CONVERSION = YES;
				CLANG_WARN_INFINITE_RECURSION = YES;
				CLANG_WARN_INT_CONVERSION = YES;
				CLANG_WARN_NON_LITERAL_NULL_CONVERSION = YES;
				CLANG_WARN_OBJC_IMPLICIT_RETAIN_SELF = YES;
				CLANG_WARN_OBJC_LITERAL_CONVERSION = YES;
				CLANG_WARN_OBJC_ROOT_CLASS = YES_ERROR;
				CLANG_WARN_RANGE_LOOP_ANALYSIS = YES;
				CLANG_WARN_STRICT_PROTOTYPES = YES;
				CLANG_WARN_SUSPICIOUS_MOVE = YES;
				CLANG_WARN_UNGUARDED_AVAILABILITY = YES_AGGRESSIVE;
				CLANG_WARN_UNREACHABLE_CODE = YES;
				CLANG_WARN__DUPLICATE_METHOD_MATCH = YES;
				CODE_SIGN_IDENTITY = "iPhone Developer";
				COPY_PHASE_STRIP = NO;
				DEBUG_INFORMATION_FORMAT = "dwarf-with-dsym";
				ENABLE_NS_ASSERTIONS = NO;
				ENABLE_STRICT_OBJC_MSGSEND = YES;
				GCC_C_LANGUAGE_STANDARD = gnu11;
				GCC_NO_COMMON_BLOCKS = YES;
				GCC_WARN_64_TO_32_BIT_CONVERSION = YES;
				GCC_WARN_ABOUT_RETURN_TYPE = YES_ERROR;
				GCC_WARN_UNDECLARED_SELECTOR = YES;
				GCC_WARN_UNINITIALIZED_AUTOS = YES_AGGRESSIVE;
				GCC_WARN_UNUSED_FUNCTION = YES;
				GCC_WARN_UNUSED_VARIABLE = YES;
				IPHONEOS_DEPLOYMENT_TARGET = 12.1;
				MTL_ENABLE_DEBUG_INFO = NO;
				MTL_FAST_MATH = YES;
				SDKROOT = iphoneos;
				VALIDATE_PRODUCT = YES;
			};
			name = Release;
		};
		F7B8E13D224963FB0060B053 /* Debug */ = {
			isa = XCBuildConfiguration;
			buildSettings = {
				ASSETCATALOG_COMPILER_APPICON_NAME = AppIcon;
				CODE_SIGN_STYLE = Automatic;
				DEVELOPMENT_TEAM = Q89A379BUF;
				INFOPLIST_FILE = "Journal-C/Info.plist";
				LD_RUNPATH_SEARCH_PATHS = (
					"$(inherited)",
					"@executable_path/Frameworks",
				);
				PRODUCT_BUNDLE_IDENTIFIER = "Erich-Kumpunen.Journal-C";
				PRODUCT_NAME = "$(TARGET_NAME)";
				TARGETED_DEVICE_FAMILY = "1,2";
			};
			name = Debug;
		};
		F7B8E13E224963FB0060B053 /* Release */ = {
			isa = XCBuildConfiguration;
			buildSettings = {
				ASSETCATALOG_COMPILER_APPICON_NAME = AppIcon;
				CODE_SIGN_STYLE = Automatic;
				DEVELOPMENT_TEAM = Q89A379BUF;
				INFOPLIST_FILE = "Journal-C/Info.plist";
				LD_RUNPATH_SEARCH_PATHS = (
					"$(inherited)",
					"@executable_path/Frameworks",
				);
				PRODUCT_BUNDLE_IDENTIFIER = "Erich-Kumpunen.Journal-C";
				PRODUCT_NAME = "$(TARGET_NAME)";
				TARGETED_DEVICE_FAMILY = "1,2";
			};
			name = Release;
		};
/* End XCBuildConfiguration section */

/* Begin XCConfigurationList section */
		F7B8E121224963F90060B053 /* Build configuration list for PBXProject "Journal-C" */ = {
			isa = XCConfigurationList;
			buildConfigurations = (
				F7B8E13A224963FB0060B053 /* Debug */,
				F7B8E13B224963FB0060B053 /* Release */,
			);
			defaultConfigurationIsVisible = 0;
			defaultConfigurationName = Release;
		};
		F7B8E13C224963FB0060B053 /* Build configuration list for PBXNativeTarget "Journal-C" */ = {
			isa = XCConfigurationList;
			buildConfigurations = (
				F7B8E13D224963FB0060B053 /* Debug */,
				F7B8E13E224963FB0060B053 /* Release */,
			);
			defaultConfigurationIsVisible = 0;
			defaultConfigurationName = Release;
		};
/* End XCConfigurationList section */
	};
	rootObject = F7B8E11E224963F90060B053 /* Project object */;
}
